Microsoft Visual Studio Solution File, Format Version 12.00
# Visual Studio Version 17
VisualStudioVersion = 17.0.31903.59
MinimumVisualStudioVersion = 10.0.40219.1
Project("{2150E333-8FDC-42A3-9474-1A3956D46DE8}") = "src", "src", "{345CF23A-9AD9-479F-8661-A0A9573B9B35}"
EndProject
Project("{FAE04EC0-301F-11D3-BF4B-00C04F79EFBC}") = "Chirp.CLI", "src\Chirp.CLI\Chirp.CLI.csproj", "{48510D30-18F8-4621-AE0B-A8E4548EFBA5}"
EndProject
Project("{FAE04EC0-301F-11D3-BF4B-00C04F79EFBC}") = "SimpleDB", "src\SimpleDB\SimpleDB.csproj", "{BE28FEF9-5617-4CA9-B685-A48549285F2D}"
EndProject
Project("{2150E333-8FDC-42A3-9474-1A3956D46DE8}") = "test", "test", "{20F6EC94-76A9-4960-A075-5357A9F84A03}"
EndProject
Project("{FAE04EC0-301F-11D3-BF4B-00C04F79EFBC}") = "Chirp.CLI.Tests", "test\Chirp.CLI.Tests\Chirp.CLI.Tests.csproj", "{434063CE-91DE-4A0D-91D7-81D179687476}"
EndProject
Project("{FAE04EC0-301F-11D3-BF4B-00C04F79EFBC}") = "SimpleDB.Tests", "test\SimpleDB.Tests\SimpleDB.Tests.csproj", "{A7FB3078-6FC3-43E6-B824-2D3782D4682D}"
EndProject
Global
	GlobalSection(SolutionConfigurationPlatforms) = preSolution
		Debug|Any CPU = Debug|Any CPU
		Release|Any CPU = Release|Any CPU
	EndGlobalSection
	GlobalSection(SolutionProperties) = preSolution
		HideSolutionNode = FALSE
	EndGlobalSection
	GlobalSection(ProjectConfigurationPlatforms) = postSolution
		{48510D30-18F8-4621-AE0B-A8E4548EFBA5}.Debug|Any CPU.ActiveCfg = Debug|Any CPU
		{48510D30-18F8-4621-AE0B-A8E4548EFBA5}.Debug|Any CPU.Build.0 = Debug|Any CPU
		{48510D30-18F8-4621-AE0B-A8E4548EFBA5}.Release|Any CPU.ActiveCfg = Release|Any CPU
		{48510D30-18F8-4621-AE0B-A8E4548EFBA5}.Release|Any CPU.Build.0 = Release|Any CPU
		{BE28FEF9-5617-4CA9-B685-A48549285F2D}.Debug|Any CPU.ActiveCfg = Debug|Any CPU
		{BE28FEF9-5617-4CA9-B685-A48549285F2D}.Debug|Any CPU.Build.0 = Debug|Any CPU
		{BE28FEF9-5617-4CA9-B685-A48549285F2D}.Release|Any CPU.ActiveCfg = Release|Any CPU
		{BE28FEF9-5617-4CA9-B685-A48549285F2D}.Release|Any CPU.Build.0 = Release|Any CPU
		{434063CE-91DE-4A0D-91D7-81D179687476}.Debug|Any CPU.ActiveCfg = Debug|Any CPU
		{434063CE-91DE-4A0D-91D7-81D179687476}.Debug|Any CPU.Build.0 = Debug|Any CPU
		{434063CE-91DE-4A0D-91D7-81D179687476}.Release|Any CPU.ActiveCfg = Release|Any CPU
		{434063CE-91DE-4A0D-91D7-81D179687476}.Release|Any CPU.Build.0 = Release|Any CPU
		{A7FB3078-6FC3-43E6-B824-2D3782D4682D}.Debug|Any CPU.ActiveCfg = Debug|Any CPU
		{A7FB3078-6FC3-43E6-B824-2D3782D4682D}.Debug|Any CPU.Build.0 = Debug|Any CPU
		{A7FB3078-6FC3-43E6-B824-2D3782D4682D}.Release|Any CPU.ActiveCfg = Release|Any CPU
		{A7FB3078-6FC3-43E6-B824-2D3782D4682D}.Release|Any CPU.Build.0 = Release|Any CPU
	EndGlobalSection
	GlobalSection(NestedProjects) = preSolution
		{48510D30-18F8-4621-AE0B-A8E4548EFBA5} = {345CF23A-9AD9-479F-8661-A0A9573B9B35}
		{BE28FEF9-5617-4CA9-B685-A48549285F2D} = {345CF23A-9AD9-479F-8661-A0A9573B9B35}
		{434063CE-91DE-4A0D-91D7-81D179687476} = {20F6EC94-76A9-4960-A075-5357A9F84A03}
		{A7FB3078-6FC3-43E6-B824-2D3782D4682D} = {20F6EC94-76A9-4960-A075-5357A9F84A03}
	EndGlobalSection
EndGlobal
