Microsoft Visual Studio Solution File, Format Version 12.00
# Visual Studio Version 17
VisualStudioVersion = 17.0.31903.59
MinimumVisualStudioVersion = 10.0.40219.1
Project("{2150E333-8FDC-42A3-9474-1A3956D46DE8}") = "src", "src", "{345CF23A-9AD9-479F-8661-A0A9573B9B35}"
EndProject
Project("{FAE04EC0-301F-11D3-BF4B-00C04F79EFBC}") = "Chirp.Infrastructure", "src\Chirp.Infrastructure\Chirp.Infrastructure.csproj", "{3D1A39ED-7B13-40BE-AA8C-361D38A276EE}"
EndProject
Project("{FAE04EC0-301F-11D3-BF4B-00C04F79EFBC}") = "Chirp.Core", "src\Chirp.Core\Chirp.Core.csproj", "{0ACE97C4-039A-4765-8A43-4CAD13B8B60F}"
EndProject
Project("{FAE04EC0-301F-11D3-BF4B-00C04F79EFBC}") = "Chirp.Web", "src\Chirp.Web\Chirp.Web.csproj", "{EF8B3C8B-F9DA-4B41-B7CB-AD7B3510C851}"
EndProject
Global
	GlobalSection(SolutionConfigurationPlatforms) = preSolution
		Debug|Any CPU = Debug|Any CPU
		Release|Any CPU = Release|Any CPU
	EndGlobalSection
	GlobalSection(SolutionProperties) = preSolution
		HideSolutionNode = FALSE
	EndGlobalSection
	GlobalSection(ProjectConfigurationPlatforms) = postSolution
		{3D1A39ED-7B13-40BE-AA8C-361D38A276EE}.Debug|Any CPU.ActiveCfg = Debug|Any CPU
		{3D1A39ED-7B13-40BE-AA8C-361D38A276EE}.Debug|Any CPU.Build.0 = Debug|Any CPU
		{3D1A39ED-7B13-40BE-AA8C-361D38A276EE}.Release|Any CPU.ActiveCfg = Release|Any CPU
		{3D1A39ED-7B13-40BE-AA8C-361D38A276EE}.Release|Any CPU.Build.0 = Release|Any CPU
		{0ACE97C4-039A-4765-8A43-4CAD13B8B60F}.Debug|Any CPU.ActiveCfg = Debug|Any CPU
		{0ACE97C4-039A-4765-8A43-4CAD13B8B60F}.Debug|Any CPU.Build.0 = Debug|Any CPU
		{0ACE97C4-039A-4765-8A43-4CAD13B8B60F}.Release|Any CPU.ActiveCfg = Release|Any CPU
		{0ACE97C4-039A-4765-8A43-4CAD13B8B60F}.Release|Any CPU.Build.0 = Release|Any CPU
		{EF8B3C8B-F9DA-4B41-B7CB-AD7B3510C851}.Debug|Any CPU.ActiveCfg = Debug|Any CPU
		{EF8B3C8B-F9DA-4B41-B7CB-AD7B3510C851}.Debug|Any CPU.Build.0 = Debug|Any CPU
		{EF8B3C8B-F9DA-4B41-B7CB-AD7B3510C851}.Release|Any CPU.ActiveCfg = Release|Any CPU
		{EF8B3C8B-F9DA-4B41-B7CB-AD7B3510C851}.Release|Any CPU.Build.0 = Release|Any CPU
	EndGlobalSection
	GlobalSection(NestedProjects) = preSolution
		{3D1A39ED-7B13-40BE-AA8C-361D38A276EE} = {345CF23A-9AD9-479F-8661-A0A9573B9B35}
		{0ACE97C4-039A-4765-8A43-4CAD13B8B60F} = {345CF23A-9AD9-479F-8661-A0A9573B9B35}
		{EF8B3C8B-F9DA-4B41-B7CB-AD7B3510C851} = {345CF23A-9AD9-479F-8661-A0A9573B9B35}
	EndGlobalSection
EndGlobal
